// !$*UTF8*$!
{
	archiveVersion = 1;
	classes = {
	};
	objectVersion = 56;
	objects = {

/* Begin PBXBuildFile section */
		05B1B5E1A555503BB2C60AFC /* Pods_VideoTogether_Extension__iOS_.framework in Frameworks */ = {isa = PBXBuildFile; fileRef = 1A43E68519248B548232D616 /* Pods_VideoTogether_Extension__iOS_.framework */; };
		2CD96C63530864B58897E391 /* Pods_VideoTogether__iOS_.framework in Frameworks */ = {isa = PBXBuildFile; fileRef = 7A2E9484F6C7AB87AD991F3F /* Pods_VideoTogether__iOS_.framework */; };
		3E9112ED5DBFAD6C7115939C /* Pods_VideoTogether_Extension__macOS_.framework in Frameworks */ = {isa = PBXBuildFile; fileRef = 59FA1E44AC392B7F59CBE004 /* Pods_VideoTogether_Extension__macOS_.framework */; };
		463C5AF828F2BBB8007A2310 /* background.safari.js in Resources */ = {isa = PBXBuildFile; fileRef = 463C5AF728F2BBB8007A2310 /* background.safari.js */; };
		463C5AF928F2BBB8007A2310 /* background.safari.js in Resources */ = {isa = PBXBuildFile; fileRef = 463C5AF728F2BBB8007A2310 /* background.safari.js */; };
		467BCE4528FEC16500B4471B /* en-us.gif in Resources */ = {isa = PBXBuildFile; fileRef = 467BCE4428FEC16500B4471B /* en-us.gif */; };
		467BCE4628FEC16500B4471B /* en-us.gif in Resources */ = {isa = PBXBuildFile; fileRef = 467BCE4428FEC16500B4471B /* en-us.gif */; };
		467BCE4828FEC2E200B4471B /* zh-cn.gif in Resources */ = {isa = PBXBuildFile; fileRef = 467BCE4728FEC2E200B4471B /* zh-cn.gif */; };
		467BCE4928FEC2E200B4471B /* zh-cn.gif in Resources */ = {isa = PBXBuildFile; fileRef = 467BCE4728FEC2E200B4471B /* zh-cn.gif */; };
		4682879228F1CF25008CFC46 /* AppDelegate.swift in Sources */ = {isa = PBXBuildFile; fileRef = 4682879128F1CF25008CFC46 /* AppDelegate.swift */; };
		4682879428F1CF25008CFC46 /* SceneDelegate.swift in Sources */ = {isa = PBXBuildFile; fileRef = 4682879328F1CF25008CFC46 /* SceneDelegate.swift */; };
		4682879728F1CF25008CFC46 /* LaunchScreen.storyboard in Resources */ = {isa = PBXBuildFile; fileRef = 4682879528F1CF25008CFC46 /* LaunchScreen.storyboard */; };
		4682879A28F1CF25008CFC46 /* Main.storyboard in Resources */ = {isa = PBXBuildFile; fileRef = 4682879828F1CF25008CFC46 /* Main.storyboard */; };
		468287A328F1CF25008CFC46 /* AppDelegate.swift in Sources */ = {isa = PBXBuildFile; fileRef = 468287A228F1CF25008CFC46 /* AppDelegate.swift */; };
		468287A628F1CF25008CFC46 /* Main.storyboard in Resources */ = {isa = PBXBuildFile; fileRef = 468287A428F1CF25008CFC46 /* Main.storyboard */; };
		468287AD28F1CF25008CFC46 /* VideoTogether Extension.appex in Embed Foundation Extensions */ = {isa = PBXBuildFile; fileRef = 468287AC28F1CF25008CFC46 /* VideoTogether Extension.appex */; settings = {ATTRIBUTES = (RemoveHeadersOnCopy, ); }; };
		468287B728F1CF25008CFC46 /* VideoTogether Extension.appex in Embed Foundation Extensions */ = {isa = PBXBuildFile; fileRef = 468287B628F1CF25008CFC46 /* VideoTogether Extension.appex */; settings = {ATTRIBUTES = (RemoveHeadersOnCopy, ); }; };
		468287BD28F1CF25008CFC46 /* Main.html in Resources */ = {isa = PBXBuildFile; fileRef = 4682877828F1CF24008CFC46 /* Main.html */; };
		468287BE28F1CF25008CFC46 /* Main.html in Resources */ = {isa = PBXBuildFile; fileRef = 4682877828F1CF24008CFC46 /* Main.html */; };
		468287C128F1CF25008CFC46 /* Style.css in Resources */ = {isa = PBXBuildFile; fileRef = 4682877B28F1CF24008CFC46 /* Style.css */; };
		468287C228F1CF25008CFC46 /* Style.css in Resources */ = {isa = PBXBuildFile; fileRef = 4682877B28F1CF24008CFC46 /* Style.css */; };
		468287C328F1CF25008CFC46 /* Script.js in Resources */ = {isa = PBXBuildFile; fileRef = 4682877C28F1CF24008CFC46 /* Script.js */; };
		468287C428F1CF25008CFC46 /* Script.js in Resources */ = {isa = PBXBuildFile; fileRef = 4682877C28F1CF24008CFC46 /* Script.js */; };
		468287C528F1CF25008CFC46 /* ViewController.swift in Sources */ = {isa = PBXBuildFile; fileRef = 4682877D28F1CF24008CFC46 /* ViewController.swift */; };
		468287C628F1CF25008CFC46 /* ViewController.swift in Sources */ = {isa = PBXBuildFile; fileRef = 4682877D28F1CF24008CFC46 /* ViewController.swift */; };
		468287C728F1CF25008CFC46 /* Assets.xcassets in Resources */ = {isa = PBXBuildFile; fileRef = 4682877E28F1CF25008CFC46 /* Assets.xcassets */; };
		468287C828F1CF25008CFC46 /* Assets.xcassets in Resources */ = {isa = PBXBuildFile; fileRef = 4682877E28F1CF25008CFC46 /* Assets.xcassets */; };
		468287C928F1CF25008CFC46 /* SafariWebExtensionHandler.swift in Sources */ = {isa = PBXBuildFile; fileRef = 4682878028F1CF25008CFC46 /* SafariWebExtensionHandler.swift */; };
		468287CA28F1CF25008CFC46 /* SafariWebExtensionHandler.swift in Sources */ = {isa = PBXBuildFile; fileRef = 4682878028F1CF25008CFC46 /* SafariWebExtensionHandler.swift */; };
		468287CB28F1CF25008CFC46 /* _locales in Resources */ = {isa = PBXBuildFile; fileRef = 4682878228F1CF25008CFC46 /* _locales */; };
		468287CC28F1CF25008CFC46 /* _locales in Resources */ = {isa = PBXBuildFile; fileRef = 4682878228F1CF25008CFC46 /* _locales */; };
		468287CD28F1CF25008CFC46 /* images in Resources */ = {isa = PBXBuildFile; fileRef = 4682878328F1CF25008CFC46 /* images */; };
		468287CE28F1CF25008CFC46 /* images in Resources */ = {isa = PBXBuildFile; fileRef = 4682878328F1CF25008CFC46 /* images */; };
		468287CF28F1CF25008CFC46 /* manifest.json in Resources */ = {isa = PBXBuildFile; fileRef = 4682878428F1CF25008CFC46 /* manifest.json */; };
		468287D028F1CF25008CFC46 /* manifest.json in Resources */ = {isa = PBXBuildFile; fileRef = 4682878428F1CF25008CFC46 /* manifest.json */; };
		468287EC28F1D16E008CFC46 /* extension.safari.user.js in Resources */ = {isa = PBXBuildFile; fileRef = 468287EB28F1D16E008CFC46 /* extension.safari.user.js */; };
		468287ED28F1D16E008CFC46 /* extension.safari.user.js in Resources */ = {isa = PBXBuildFile; fileRef = 468287EB28F1D16E008CFC46 /* extension.safari.user.js */; };
		468287F028F1DEE2008CFC46 /* load.en-us.js in Resources */ = {isa = PBXBuildFile; fileRef = 468287EE28F1DEE2008CFC46 /* load.en-us.js */; };
		468287F128F1DEE2008CFC46 /* load.en-us.js in Resources */ = {isa = PBXBuildFile; fileRef = 468287EE28F1DEE2008CFC46 /* load.en-us.js */; };
		468287F228F1DEE2008CFC46 /* load.zh-cn.js in Resources */ = {isa = PBXBuildFile; fileRef = 468287EF28F1DEE2008CFC46 /* load.zh-cn.js */; };
		468287F328F1DEE2008CFC46 /* load.zh-cn.js in Resources */ = {isa = PBXBuildFile; fileRef = 468287EF28F1DEE2008CFC46 /* load.zh-cn.js */; };
		468287F628F25B10008CFC46 /* vt.en-us.user.js in Resources */ = {isa = PBXBuildFile; fileRef = 468287F428F25B10008CFC46 /* vt.en-us.user.js */; };
		468287F728F25B10008CFC46 /* vt.en-us.user.js in Resources */ = {isa = PBXBuildFile; fileRef = 468287F428F25B10008CFC46 /* vt.en-us.user.js */; };
		468287F828F25B10008CFC46 /* vt.zh-cn.user.js in Resources */ = {isa = PBXBuildFile; fileRef = 468287F528F25B10008CFC46 /* vt.zh-cn.user.js */; };
		468287F928F25B10008CFC46 /* vt.zh-cn.user.js in Resources */ = {isa = PBXBuildFile; fileRef = 468287F528F25B10008CFC46 /* vt.zh-cn.user.js */; };
		46ACA8EB28F25E8F00F37C93 /* Icon.png in Resources */ = {isa = PBXBuildFile; fileRef = 46ACA8EA28F25E8F00F37C93 /* Icon.png */; };
		46ACA8EC28F25E8F00F37C93 /* Icon.png in Resources */ = {isa = PBXBuildFile; fileRef = 46ACA8EA28F25E8F00F37C93 /* Icon.png */; };
		46D922F82A2C3E61006F8194 /* pre.js in Resources */ = {isa = PBXBuildFile; fileRef = 46D922F62A2C3E61006F8194 /* pre.js */; };
		46D922F92A2C3E61006F8194 /* pre.js in Resources */ = {isa = PBXBuildFile; fileRef = 46D922F62A2C3E61006F8194 /* pre.js */; };
		46D922FA2A2C3E61006F8194 /* preInjected.js in Resources */ = {isa = PBXBuildFile; fileRef = 46D922F72A2C3E61006F8194 /* preInjected.js */; };
		46D922FB2A2C3E61006F8194 /* preInjected.js in Resources */ = {isa = PBXBuildFile; fileRef = 46D922F72A2C3E61006F8194 /* preInjected.js */; };
		8CABB0D82774B88B42CE706F /* Pods_VideoTogether__macOS_.framework in Frameworks */ = {isa = PBXBuildFile; fileRef = 3EFDE359130A90A8AB9DE900 /* Pods_VideoTogether__macOS_.framework */; };
/* End PBXBuildFile section */

/* Begin PBXContainerItemProxy section */
		468287AE28F1CF25008CFC46 /* PBXContainerItemProxy */ = {
			isa = PBXContainerItemProxy;
			containerPortal = 4682877228F1CF24008CFC46 /* Project object */;
			proxyType = 1;
			remoteGlobalIDString = 468287AB28F1CF25008CFC46;
			remoteInfo = "VideoTogether Extension (iOS)";
		};
		468287B828F1CF25008CFC46 /* PBXContainerItemProxy */ = {
			isa = PBXContainerItemProxy;
			containerPortal = 4682877228F1CF24008CFC46 /* Project object */;
			proxyType = 1;
			remoteGlobalIDString = 468287B528F1CF25008CFC46;
			remoteInfo = "VideoTogether Extension (macOS)";
		};
/* End PBXContainerItemProxy section */

/* Begin PBXCopyFilesBuildPhase section */
		468287E028F1CF25008CFC46 /* Embed Foundation Extensions */ = {
			isa = PBXCopyFilesBuildPhase;
			buildActionMask = 2147483647;
			dstPath = "";
			dstSubfolderSpec = 13;
			files = (
				468287AD28F1CF25008CFC46 /* VideoTogether Extension.appex in Embed Foundation Extensions */,
			);
			name = "Embed Foundation Extensions";
			runOnlyForDeploymentPostprocessing = 0;
		};
		468287E728F1CF25008CFC46 /* Embed Foundation Extensions */ = {
			isa = PBXCopyFilesBuildPhase;
			buildActionMask = 2147483647;
			dstPath = "";
			dstSubfolderSpec = 13;
			files = (
				468287B728F1CF25008CFC46 /* VideoTogether Extension.appex in Embed Foundation Extensions */,
			);
			name = "Embed Foundation Extensions";
			runOnlyForDeploymentPostprocessing = 0;
		};
		468A62922AB324AA00A01E3B /* Embed Frameworks */ = {
			isa = PBXCopyFilesBuildPhase;
			buildActionMask = 2147483647;
			dstPath = "";
			dstSubfolderSpec = 10;
			files = (
			);
			name = "Embed Frameworks";
			runOnlyForDeploymentPostprocessing = 0;
		};
/* End PBXCopyFilesBuildPhase section */

/* Begin PBXFileReference section */
		1A43E68519248B548232D616 /* Pods_VideoTogether_Extension__iOS_.framework */ = {isa = PBXFileReference; explicitFileType = wrapper.framework; includeInIndex = 0; path = Pods_VideoTogether_Extension__iOS_.framework; sourceTree = BUILT_PRODUCTS_DIR; };
		3EFDE359130A90A8AB9DE900 /* Pods_VideoTogether__macOS_.framework */ = {isa = PBXFileReference; explicitFileType = wrapper.framework; includeInIndex = 0; path = Pods_VideoTogether__macOS_.framework; sourceTree = BUILT_PRODUCTS_DIR; };
		425DB47368B935C6CA9DB5D5 /* Pods-VideoTogether (macOS).debug.xcconfig */ = {isa = PBXFileReference; includeInIndex = 1; lastKnownFileType = text.xcconfig; name = "Pods-VideoTogether (macOS).debug.xcconfig"; path = "Target Support Files/Pods-VideoTogether (macOS)/Pods-VideoTogether (macOS).debug.xcconfig"; sourceTree = "<group>"; };
		4622240F2AB53F7D00A1CE86 /* Header.h */ = {isa = PBXFileReference; lastKnownFileType = sourcecode.c.h; path = Header.h; sourceTree = "<group>"; };
		463C5AF728F2BBB8007A2310 /* background.safari.js */ = {isa = PBXFileReference; fileEncoding = 4; lastKnownFileType = sourcecode.javascript; path = background.safari.js; sourceTree = "<group>"; };
		467BCE4428FEC16500B4471B /* en-us.gif */ = {isa = PBXFileReference; lastKnownFileType = image.gif; path = "en-us.gif"; sourceTree = "<group>"; };
		467BCE4728FEC2E200B4471B /* zh-cn.gif */ = {isa = PBXFileReference; lastKnownFileType = image.gif; path = "zh-cn.gif"; sourceTree = "<group>"; };
		4682877928F1CF24008CFC46 /* Base */ = {isa = PBXFileReference; lastKnownFileType = text.html; name = Base; path = ../Base.lproj/Main.html; sourceTree = "<group>"; };
		4682877B28F1CF24008CFC46 /* Style.css */ = {isa = PBXFileReference; lastKnownFileType = text.css; path = Style.css; sourceTree = "<group>"; };
		4682877C28F1CF24008CFC46 /* Script.js */ = {isa = PBXFileReference; lastKnownFileType = sourcecode.javascript; path = Script.js; sourceTree = "<group>"; };
		4682877D28F1CF24008CFC46 /* ViewController.swift */ = {isa = PBXFileReference; lastKnownFileType = sourcecode.swift; path = ViewController.swift; sourceTree = "<group>"; };
		4682877E28F1CF25008CFC46 /* Assets.xcassets */ = {isa = PBXFileReference; lastKnownFileType = folder.assetcatalog; path = Assets.xcassets; sourceTree = "<group>"; };
		4682878028F1CF25008CFC46 /* SafariWebExtensionHandler.swift */ = {isa = PBXFileReference; lastKnownFileType = sourcecode.swift; path = SafariWebExtensionHandler.swift; sourceTree = "<group>"; };
		4682878228F1CF25008CFC46 /* _locales */ = {isa = PBXFileReference; lastKnownFileType = folder; path = _locales; sourceTree = "<group>"; };
		4682878328F1CF25008CFC46 /* images */ = {isa = PBXFileReference; lastKnownFileType = folder; path = images; sourceTree = "<group>"; };
		4682878428F1CF25008CFC46 /* manifest.json */ = {isa = PBXFileReference; lastKnownFileType = text.json; path = manifest.json; sourceTree = "<group>"; };
		4682878E28F1CF25008CFC46 /* VideoTogether.app */ = {isa = PBXFileReference; explicitFileType = wrapper.application; includeInIndex = 0; path = VideoTogether.app; sourceTree = BUILT_PRODUCTS_DIR; };
		4682879128F1CF25008CFC46 /* AppDelegate.swift */ = {isa = PBXFileReference; lastKnownFileType = sourcecode.swift; path = AppDelegate.swift; sourceTree = "<group>"; };
		4682879328F1CF25008CFC46 /* SceneDelegate.swift */ = {isa = PBXFileReference; lastKnownFileType = sourcecode.swift; path = SceneDelegate.swift; sourceTree = "<group>"; };
		4682879628F1CF25008CFC46 /* Base */ = {isa = PBXFileReference; lastKnownFileType = file.storyboard; name = Base; path = Base.lproj/LaunchScreen.storyboard; sourceTree = "<group>"; };
		4682879928F1CF25008CFC46 /* Base */ = {isa = PBXFileReference; lastKnownFileType = file.storyboard; name = Base; path = Base.lproj/Main.storyboard; sourceTree = "<group>"; };
		4682879B28F1CF25008CFC46 /* Info.plist */ = {isa = PBXFileReference; lastKnownFileType = text.plist.xml; path = Info.plist; sourceTree = "<group>"; };
		468287A028F1CF25008CFC46 /* VideoTogether.app */ = {isa = PBXFileReference; explicitFileType = wrapper.application; includeInIndex = 0; path = VideoTogether.app; sourceTree = BUILT_PRODUCTS_DIR; };
		468287A228F1CF25008CFC46 /* AppDelegate.swift */ = {isa = PBXFileReference; lastKnownFileType = sourcecode.swift; path = AppDelegate.swift; sourceTree = "<group>"; };
		468287A528F1CF25008CFC46 /* Base */ = {isa = PBXFileReference; lastKnownFileType = file.storyboard; name = Base; path = Base.lproj/Main.storyboard; sourceTree = "<group>"; };
		468287A728F1CF25008CFC46 /* VideoTogether.entitlements */ = {isa = PBXFileReference; lastKnownFileType = text.plist.entitlements; path = VideoTogether.entitlements; sourceTree = "<group>"; };
		468287AC28F1CF25008CFC46 /* VideoTogether Extension.appex */ = {isa = PBXFileReference; explicitFileType = "wrapper.app-extension"; includeInIndex = 0; path = "VideoTogether Extension.appex"; sourceTree = BUILT_PRODUCTS_DIR; };
		468287B128F1CF25008CFC46 /* Info.plist */ = {isa = PBXFileReference; lastKnownFileType = text.plist.xml; path = Info.plist; sourceTree = "<group>"; };
		468287B628F1CF25008CFC46 /* VideoTogether Extension.appex */ = {isa = PBXFileReference; explicitFileType = "wrapper.app-extension"; includeInIndex = 0; path = "VideoTogether Extension.appex"; sourceTree = BUILT_PRODUCTS_DIR; };
		468287BB28F1CF25008CFC46 /* Info.plist */ = {isa = PBXFileReference; lastKnownFileType = text.plist.xml; path = Info.plist; sourceTree = "<group>"; };
		468287BC28F1CF25008CFC46 /* VideoTogether.entitlements */ = {isa = PBXFileReference; lastKnownFileType = text.plist.entitlements; path = VideoTogether.entitlements; sourceTree = "<group>"; };
		468287EB28F1D16E008CFC46 /* extension.safari.user.js */ = {isa = PBXFileReference; fileEncoding = 4; lastKnownFileType = sourcecode.javascript; path = extension.safari.user.js; sourceTree = "<group>"; };
		468287EE28F1DEE2008CFC46 /* load.en-us.js */ = {isa = PBXFileReference; fileEncoding = 4; lastKnownFileType = sourcecode.javascript; path = "load.en-us.js"; sourceTree = "<group>"; };
		468287EF28F1DEE2008CFC46 /* load.zh-cn.js */ = {isa = PBXFileReference; fileEncoding = 4; lastKnownFileType = sourcecode.javascript; path = "load.zh-cn.js"; sourceTree = "<group>"; };
		468287F428F25B10008CFC46 /* vt.en-us.user.js */ = {isa = PBXFileReference; fileEncoding = 4; lastKnownFileType = sourcecode.javascript; path = "vt.en-us.user.js"; sourceTree = "<group>"; };
		468287F528F25B10008CFC46 /* vt.zh-cn.user.js */ = {isa = PBXFileReference; fileEncoding = 4; lastKnownFileType = sourcecode.javascript; path = "vt.zh-cn.user.js"; sourceTree = "<group>"; };
		46ACA8EA28F25E8F00F37C93 /* Icon.png */ = {isa = PBXFileReference; lastKnownFileType = image.png; name = Icon.png; path = "Shared (Extension)/Resources/images/Icon.png"; sourceTree = SOURCE_ROOT; };
		46D922F62A2C3E61006F8194 /* pre.js */ = {isa = PBXFileReference; fileEncoding = 4; lastKnownFileType = sourcecode.javascript; path = pre.js; sourceTree = "<group>"; };
		46D922F72A2C3E61006F8194 /* preInjected.js */ = {isa = PBXFileReference; fileEncoding = 4; lastKnownFileType = sourcecode.javascript; path = preInjected.js; sourceTree = "<group>"; };
		59FA1E44AC392B7F59CBE004 /* Pods_VideoTogether_Extension__macOS_.framework */ = {isa = PBXFileReference; explicitFileType = wrapper.framework; includeInIndex = 0; path = Pods_VideoTogether_Extension__macOS_.framework; sourceTree = BUILT_PRODUCTS_DIR; };
		7A2E9484F6C7AB87AD991F3F /* Pods_VideoTogether__iOS_.framework */ = {isa = PBXFileReference; explicitFileType = wrapper.framework; includeInIndex = 0; path = Pods_VideoTogether__iOS_.framework; sourceTree = BUILT_PRODUCTS_DIR; };
		8D0FFC6FDC0F3E0F110406D9 /* Pods-VideoTogether Extension (macOS).debug.xcconfig */ = {isa = PBXFileReference; includeInIndex = 1; lastKnownFileType = text.xcconfig; name = "Pods-VideoTogether Extension (macOS).debug.xcconfig"; path = "Target Support Files/Pods-VideoTogether Extension (macOS)/Pods-VideoTogether Extension (macOS).debug.xcconfig"; sourceTree = "<group>"; };
		A12BE33402052EADFEC15A15 /* Pods-VideoTogether (iOS).release.xcconfig */ = {isa = PBXFileReference; includeInIndex = 1; lastKnownFileType = text.xcconfig; name = "Pods-VideoTogether (iOS).release.xcconfig"; path = "Target Support Files/Pods-VideoTogether (iOS)/Pods-VideoTogether (iOS).release.xcconfig"; sourceTree = "<group>"; };
		A52AE972C2D1DA67D7202705 /* Pods-VideoTogether Extension (iOS).release.xcconfig */ = {isa = PBXFileReference; includeInIndex = 1; lastKnownFileType = text.xcconfig; name = "Pods-VideoTogether Extension (iOS).release.xcconfig"; path = "Target Support Files/Pods-VideoTogether Extension (iOS)/Pods-VideoTogether Extension (iOS).release.xcconfig"; sourceTree = "<group>"; };
		AE7264526574B0F1A13FC9F8 /* Pods-VideoTogether Extension (iOS).debug.xcconfig */ = {isa = PBXFileReference; includeInIndex = 1; lastKnownFileType = text.xcconfig; name = "Pods-VideoTogether Extension (iOS).debug.xcconfig"; path = "Target Support Files/Pods-VideoTogether Extension (iOS)/Pods-VideoTogether Extension (iOS).debug.xcconfig"; sourceTree = "<group>"; };
		BE4A97AD0132807996CDCFC1 /* Pods-VideoTogether Extension (macOS).release.xcconfig */ = {isa = PBXFileReference; includeInIndex = 1; lastKnownFileType = text.xcconfig; name = "Pods-VideoTogether Extension (macOS).release.xcconfig"; path = "Target Support Files/Pods-VideoTogether Extension (macOS)/Pods-VideoTogether Extension (macOS).release.xcconfig"; sourceTree = "<group>"; };
		F251CF7AF68A6D4455AAD13D /* Pods-VideoTogether (iOS).debug.xcconfig */ = {isa = PBXFileReference; includeInIndex = 1; lastKnownFileType = text.xcconfig; name = "Pods-VideoTogether (iOS).debug.xcconfig"; path = "Target Support Files/Pods-VideoTogether (iOS)/Pods-VideoTogether (iOS).debug.xcconfig"; sourceTree = "<group>"; };
		F8FC6661705A0C9F81F66F91 /* Pods-VideoTogether (macOS).release.xcconfig */ = {isa = PBXFileReference; includeInIndex = 1; lastKnownFileType = text.xcconfig; name = "Pods-VideoTogether (macOS).release.xcconfig"; path = "Target Support Files/Pods-VideoTogether (macOS)/Pods-VideoTogether (macOS).release.xcconfig"; sourceTree = "<group>"; };
/* End PBXFileReference section */

/* Begin PBXFrameworksBuildPhase section */
		4682878B28F1CF25008CFC46 /* Frameworks */ = {
			isa = PBXFrameworksBuildPhase;
			buildActionMask = 2147483647;
			files = (
				2CD96C63530864B58897E391 /* Pods_VideoTogether__iOS_.framework in Frameworks */,
			);
			runOnlyForDeploymentPostprocessing = 0;
		};
		4682879D28F1CF25008CFC46 /* Frameworks */ = {
			isa = PBXFrameworksBuildPhase;
			buildActionMask = 2147483647;
			files = (
				8CABB0D82774B88B42CE706F /* Pods_VideoTogether__macOS_.framework in Frameworks */,
			);
			runOnlyForDeploymentPostprocessing = 0;
		};
		468287A928F1CF25008CFC46 /* Frameworks */ = {
			isa = PBXFrameworksBuildPhase;
			buildActionMask = 2147483647;
			files = (
				05B1B5E1A555503BB2C60AFC /* Pods_VideoTogether_Extension__iOS_.framework in Frameworks */,
			);
			runOnlyForDeploymentPostprocessing = 0;
		};
		468287B328F1CF25008CFC46 /* Frameworks */ = {
			isa = PBXFrameworksBuildPhase;
			buildActionMask = 2147483647;
			files = (
				3E9112ED5DBFAD6C7115939C /* Pods_VideoTogether_Extension__macOS_.framework in Frameworks */,
			);
			runOnlyForDeploymentPostprocessing = 0;
		};
/* End PBXFrameworksBuildPhase section */

/* Begin PBXGroup section */
		0342A63107BEE62033401981 /* Frameworks */ = {
			isa = PBXGroup;
			children = (
				7A2E9484F6C7AB87AD991F3F /* Pods_VideoTogether__iOS_.framework */,
				3EFDE359130A90A8AB9DE900 /* Pods_VideoTogether__macOS_.framework */,
				1A43E68519248B548232D616 /* Pods_VideoTogether_Extension__iOS_.framework */,
				59FA1E44AC392B7F59CBE004 /* Pods_VideoTogether_Extension__macOS_.framework */,
			);
			name = Frameworks;
			sourceTree = "<group>";
		};
		4682877128F1CF24008CFC46 = {
			isa = PBXGroup;
			children = (
				4682877628F1CF24008CFC46 /* Shared (App) */,
				4682877F28F1CF25008CFC46 /* Shared (Extension) */,
				4682879028F1CF25008CFC46 /* iOS (App) */,
				468287A128F1CF25008CFC46 /* macOS (App) */,
				468287B028F1CF25008CFC46 /* iOS (Extension) */,
				468287BA28F1CF25008CFC46 /* macOS (Extension) */,
				4682878F28F1CF25008CFC46 /* Products */,
				92893346383346BD25F550B0 /* Pods */,
				0342A63107BEE62033401981 /* Frameworks */,
			);
			sourceTree = "<group>";
		};
		4682877628F1CF24008CFC46 /* Shared (App) */ = {
			isa = PBXGroup;
			children = (
				4682877D28F1CF24008CFC46 /* ViewController.swift */,
				4682877E28F1CF25008CFC46 /* Assets.xcassets */,
				4682877728F1CF24008CFC46 /* Resources */,
			);
			path = "Shared (App)";
			sourceTree = "<group>";
		};
		4682877728F1CF24008CFC46 /* Resources */ = {
			isa = PBXGroup;
			children = (
				467BCE4728FEC2E200B4471B /* zh-cn.gif */,
				467BCE4428FEC16500B4471B /* en-us.gif */,
				46ACA8EA28F25E8F00F37C93 /* Icon.png */,
				4682877828F1CF24008CFC46 /* Main.html */,
				4682877B28F1CF24008CFC46 /* Style.css */,
				4682877C28F1CF24008CFC46 /* Script.js */,
			);
			path = Resources;
			sourceTree = "<group>";
		};
		4682877F28F1CF25008CFC46 /* Shared (Extension) */ = {
			isa = PBXGroup;
			children = (
				4682878028F1CF25008CFC46 /* SafariWebExtensionHandler.swift */,
				4682878128F1CF25008CFC46 /* Resources */,
				4622240F2AB53F7D00A1CE86 /* Header.h */,
			);
			path = "Shared (Extension)";
			sourceTree = "<group>";
		};
		4682878128F1CF25008CFC46 /* Resources */ = {
			isa = PBXGroup;
			children = (
				46D922F62A2C3E61006F8194 /* pre.js */,
				46D922F72A2C3E61006F8194 /* preInjected.js */,
				463C5AF728F2BBB8007A2310 /* background.safari.js */,
				468287F428F25B10008CFC46 /* vt.en-us.user.js */,
				468287F528F25B10008CFC46 /* vt.zh-cn.user.js */,
				468287EE28F1DEE2008CFC46 /* load.en-us.js */,
				468287EF28F1DEE2008CFC46 /* load.zh-cn.js */,
				468287EB28F1D16E008CFC46 /* extension.safari.user.js */,
				4682878228F1CF25008CFC46 /* _locales */,
				4682878328F1CF25008CFC46 /* images */,
				4682878428F1CF25008CFC46 /* manifest.json */,
			);
			path = Resources;
			sourceTree = "<group>";
		};
		4682878F28F1CF25008CFC46 /* Products */ = {
			isa = PBXGroup;
			children = (
				4682878E28F1CF25008CFC46 /* VideoTogether.app */,
				468287A028F1CF25008CFC46 /* VideoTogether.app */,
				468287AC28F1CF25008CFC46 /* VideoTogether Extension.appex */,
				468287B628F1CF25008CFC46 /* VideoTogether Extension.appex */,
			);
			name = Products;
			sourceTree = "<group>";
		};
		4682879028F1CF25008CFC46 /* iOS (App) */ = {
			isa = PBXGroup;
			children = (
				4682879128F1CF25008CFC46 /* AppDelegate.swift */,
				4682879328F1CF25008CFC46 /* SceneDelegate.swift */,
				4682879528F1CF25008CFC46 /* LaunchScreen.storyboard */,
				4682879828F1CF25008CFC46 /* Main.storyboard */,
				4682879B28F1CF25008CFC46 /* Info.plist */,
			);
			path = "iOS (App)";
			sourceTree = "<group>";
		};
		468287A128F1CF25008CFC46 /* macOS (App) */ = {
			isa = PBXGroup;
			children = (
				468287A228F1CF25008CFC46 /* AppDelegate.swift */,
				468287A428F1CF25008CFC46 /* Main.storyboard */,
				468287A728F1CF25008CFC46 /* VideoTogether.entitlements */,
			);
			path = "macOS (App)";
			sourceTree = "<group>";
		};
		468287B028F1CF25008CFC46 /* iOS (Extension) */ = {
			isa = PBXGroup;
			children = (
				468287B128F1CF25008CFC46 /* Info.plist */,
			);
			path = "iOS (Extension)";
			sourceTree = "<group>";
		};
		468287BA28F1CF25008CFC46 /* macOS (Extension) */ = {
			isa = PBXGroup;
			children = (
				468287BB28F1CF25008CFC46 /* Info.plist */,
				468287BC28F1CF25008CFC46 /* VideoTogether.entitlements */,
			);
			path = "macOS (Extension)";
			sourceTree = "<group>";
		};
		92893346383346BD25F550B0 /* Pods */ = {
			isa = PBXGroup;
			children = (
				F251CF7AF68A6D4455AAD13D /* Pods-VideoTogether (iOS).debug.xcconfig */,
				A12BE33402052EADFEC15A15 /* Pods-VideoTogether (iOS).release.xcconfig */,
				425DB47368B935C6CA9DB5D5 /* Pods-VideoTogether (macOS).debug.xcconfig */,
				F8FC6661705A0C9F81F66F91 /* Pods-VideoTogether (macOS).release.xcconfig */,
				AE7264526574B0F1A13FC9F8 /* Pods-VideoTogether Extension (iOS).debug.xcconfig */,
				A52AE972C2D1DA67D7202705 /* Pods-VideoTogether Extension (iOS).release.xcconfig */,
				8D0FFC6FDC0F3E0F110406D9 /* Pods-VideoTogether Extension (macOS).debug.xcconfig */,
				BE4A97AD0132807996CDCFC1 /* Pods-VideoTogether Extension (macOS).release.xcconfig */,
			);
			path = Pods;
			sourceTree = "<group>";
		};
/* End PBXGroup section */

/* Begin PBXNativeTarget section */
		4682878D28F1CF25008CFC46 /* VideoTogether (iOS) */ = {
			isa = PBXNativeTarget;
			buildConfigurationList = 468287E128F1CF25008CFC46 /* Build configuration list for PBXNativeTarget "VideoTogether (iOS)" */;
			buildPhases = (
				F5867EE126C8F74A11CEDABF /* [CP] Check Pods Manifest.lock */,
				4682878A28F1CF25008CFC46 /* Sources */,
				4682878B28F1CF25008CFC46 /* Frameworks */,
				4682878C28F1CF25008CFC46 /* Resources */,
				468287E028F1CF25008CFC46 /* Embed Foundation Extensions */,
				468A62922AB324AA00A01E3B /* Embed Frameworks */,
				092938306374A86314C1EA06 /* [CP] Embed Pods Frameworks */,
			);
			buildRules = (
			);
			dependencies = (
				468287AF28F1CF25008CFC46 /* PBXTargetDependency */,
			);
			name = "VideoTogether (iOS)";
			productName = "VideoTogether (iOS)";
			productReference = 4682878E28F1CF25008CFC46 /* VideoTogether.app */;
			productType = "com.apple.product-type.application";
		};
		4682879F28F1CF25008CFC46 /* VideoTogether (macOS) */ = {
			isa = PBXNativeTarget;
			buildConfigurationList = 468287E828F1CF25008CFC46 /* Build configuration list for PBXNativeTarget "VideoTogether (macOS)" */;
			buildPhases = (
				5866C4098B9DFD0080F70D50 /* [CP] Check Pods Manifest.lock */,
				4682879C28F1CF25008CFC46 /* Sources */,
				4682879D28F1CF25008CFC46 /* Frameworks */,
				4682879E28F1CF25008CFC46 /* Resources */,
				468287E728F1CF25008CFC46 /* Embed Foundation Extensions */,
				8D810F43253096C6F020D650 /* [CP] Embed Pods Frameworks */,
			);
			buildRules = (
			);
			dependencies = (
				468287B928F1CF25008CFC46 /* PBXTargetDependency */,
			);
			name = "VideoTogether (macOS)";
			productName = "VideoTogether (macOS)";
			productReference = 468287A028F1CF25008CFC46 /* VideoTogether.app */;
			productType = "com.apple.product-type.application";
		};
		468287AB28F1CF25008CFC46 /* VideoTogether Extension (iOS) */ = {
			isa = PBXNativeTarget;
			buildConfigurationList = 468287DD28F1CF25008CFC46 /* Build configuration list for PBXNativeTarget "VideoTogether Extension (iOS)" */;
			buildPhases = (
				A8C976328CF22FF294948343 /* [CP] Check Pods Manifest.lock */,
				468287A828F1CF25008CFC46 /* Sources */,
				468287A928F1CF25008CFC46 /* Frameworks */,
				468287AA28F1CF25008CFC46 /* Resources */,
			);
			buildRules = (
			);
			dependencies = (
			);
			name = "VideoTogether Extension (iOS)";
			productName = "VideoTogether Extension (iOS)";
			productReference = 468287AC28F1CF25008CFC46 /* VideoTogether Extension.appex */;
			productType = "com.apple.product-type.app-extension";
		};
		468287B528F1CF25008CFC46 /* VideoTogether Extension (macOS) */ = {
			isa = PBXNativeTarget;
			buildConfigurationList = 468287E428F1CF25008CFC46 /* Build configuration list for PBXNativeTarget "VideoTogether Extension (macOS)" */;
			buildPhases = (
				BC2041E973A3A684326F9F4F /* [CP] Check Pods Manifest.lock */,
				468287B228F1CF25008CFC46 /* Sources */,
				468287B328F1CF25008CFC46 /* Frameworks */,
				468287B428F1CF25008CFC46 /* Resources */,
			);
			buildRules = (
			);
			dependencies = (
			);
			name = "VideoTogether Extension (macOS)";
			productName = "VideoTogether Extension (macOS)";
			productReference = 468287B628F1CF25008CFC46 /* VideoTogether Extension.appex */;
			productType = "com.apple.product-type.app-extension";
		};
/* End PBXNativeTarget section */

/* Begin PBXProject section */
		4682877228F1CF24008CFC46 /* Project object */ = {
			isa = PBXProject;
			attributes = {
				BuildIndependentTargetsInParallel = 1;
				LastSwiftUpdateCheck = 1400;
				LastUpgradeCheck = 1400;
				TargetAttributes = {
					4682878D28F1CF25008CFC46 = {
						CreatedOnToolsVersion = 14.0.1;
					};
					4682879F28F1CF25008CFC46 = {
						CreatedOnToolsVersion = 14.0.1;
					};
					468287AB28F1CF25008CFC46 = {
						CreatedOnToolsVersion = 14.0.1;
					};
					468287B528F1CF25008CFC46 = {
						CreatedOnToolsVersion = 14.0.1;
					};
				};
			};
			buildConfigurationList = 4682877528F1CF24008CFC46 /* Build configuration list for PBXProject "VideoTogether" */;
			compatibilityVersion = "Xcode 14.0";
			developmentRegion = en;
			hasScannedForEncodings = 0;
			knownRegions = (
				en,
				Base,
			);
			mainGroup = 4682877128F1CF24008CFC46;
			productRefGroup = 4682878F28F1CF25008CFC46 /* Products */;
			projectDirPath = "";
			projectRoot = "";
			targets = (
				4682878D28F1CF25008CFC46 /* VideoTogether (iOS) */,
				4682879F28F1CF25008CFC46 /* VideoTogether (macOS) */,
				468287AB28F1CF25008CFC46 /* VideoTogether Extension (iOS) */,
				468287B528F1CF25008CFC46 /* VideoTogether Extension (macOS) */,
			);
		};
/* End PBXProject section */

/* Begin PBXResourcesBuildPhase section */
		4682878C28F1CF25008CFC46 /* Resources */ = {
			isa = PBXResourcesBuildPhase;
			buildActionMask = 2147483647;
			files = (
				46ACA8EB28F25E8F00F37C93 /* Icon.png in Resources */,
				4682879728F1CF25008CFC46 /* LaunchScreen.storyboard in Resources */,
				468287BD28F1CF25008CFC46 /* Main.html in Resources */,
				468287C328F1CF25008CFC46 /* Script.js in Resources */,
				468287C728F1CF25008CFC46 /* Assets.xcassets in Resources */,
				467BCE4528FEC16500B4471B /* en-us.gif in Resources */,
				4682879A28F1CF25008CFC46 /* Main.storyboard in Resources */,
				467BCE4828FEC2E200B4471B /* zh-cn.gif in Resources */,
				468287C128F1CF25008CFC46 /* Style.css in Resources */,
			);
			runOnlyForDeploymentPostprocessing = 0;
		};
		4682879E28F1CF25008CFC46 /* Resources */ = {
			isa = PBXResourcesBuildPhase;
			buildActionMask = 2147483647;
			files = (
				46ACA8EC28F25E8F00F37C93 /* Icon.png in Resources */,
				468287C228F1CF25008CFC46 /* Style.css in Resources */,
				467BCE4628FEC16500B4471B /* en-us.gif in Resources */,
				468287A628F1CF25008CFC46 /* Main.storyboard in Resources */,
				468287C428F1CF25008CFC46 /* Script.js in Resources */,
				467BCE4928FEC2E200B4471B /* zh-cn.gif in Resources */,
				468287C828F1CF25008CFC46 /* Assets.xcassets in Resources */,
				468287BE28F1CF25008CFC46 /* Main.html in Resources */,
			);
			runOnlyForDeploymentPostprocessing = 0;
		};
		468287AA28F1CF25008CFC46 /* Resources */ = {
			isa = PBXResourcesBuildPhase;
			buildActionMask = 2147483647;
			files = (
				46D922F82A2C3E61006F8194 /* pre.js in Resources */,
				463C5AF828F2BBB8007A2310 /* background.safari.js in Resources */,
				468287F228F1DEE2008CFC46 /* load.zh-cn.js in Resources */,
				468287F828F25B10008CFC46 /* vt.zh-cn.user.js in Resources */,
				46D922FA2A2C3E61006F8194 /* preInjected.js in Resources */,
				468287CD28F1CF25008CFC46 /* images in Resources */,
				468287CF28F1CF25008CFC46 /* manifest.json in Resources */,
				468287EC28F1D16E008CFC46 /* extension.safari.user.js in Resources */,
				468287CB28F1CF25008CFC46 /* _locales in Resources */,
				468287F628F25B10008CFC46 /* vt.en-us.user.js in Resources */,
				468287F028F1DEE2008CFC46 /* load.en-us.js in Resources */,
			);
			runOnlyForDeploymentPostprocessing = 0;
		};
		468287B428F1CF25008CFC46 /* Resources */ = {
			isa = PBXResourcesBuildPhase;
			buildActionMask = 2147483647;
			files = (
				46D922F92A2C3E61006F8194 /* pre.js in Resources */,
				463C5AF928F2BBB8007A2310 /* background.safari.js in Resources */,
				468287F328F1DEE2008CFC46 /* load.zh-cn.js in Resources */,
				468287F928F25B10008CFC46 /* vt.zh-cn.user.js in Resources */,
				46D922FB2A2C3E61006F8194 /* preInjected.js in Resources */,
				468287CE28F1CF25008CFC46 /* images in Resources */,
				468287D028F1CF25008CFC46 /* manifest.json in Resources */,
				468287ED28F1D16E008CFC46 /* extension.safari.user.js in Resources */,
				468287CC28F1CF25008CFC46 /* _locales in Resources */,
				468287F728F25B10008CFC46 /* vt.en-us.user.js in Resources */,
				468287F128F1DEE2008CFC46 /* load.en-us.js in Resources */,
			);
			runOnlyForDeploymentPostprocessing = 0;
		};
/* End PBXResourcesBuildPhase section */

/* Begin PBXShellScriptBuildPhase section */
		092938306374A86314C1EA06 /* [CP] Embed Pods Frameworks */ = {
			isa = PBXShellScriptBuildPhase;
			buildActionMask = 2147483647;
			files = (
			);
			inputFileListPaths = (
				"${PODS_ROOT}/Target Support Files/Pods-VideoTogether (iOS)/Pods-VideoTogether (iOS)-frameworks-${CONFIGURATION}-input-files.xcfilelist",
			);
			name = "[CP] Embed Pods Frameworks";
			outputFileListPaths = (
				"${PODS_ROOT}/Target Support Files/Pods-VideoTogether (iOS)/Pods-VideoTogether (iOS)-frameworks-${CONFIGURATION}-output-files.xcfilelist",
			);
			runOnlyForDeploymentPostprocessing = 0;
			shellPath = /bin/sh;
			shellScript = "\"${PODS_ROOT}/Target Support Files/Pods-VideoTogether (iOS)/Pods-VideoTogether (iOS)-frameworks.sh\"\n";
			showEnvVarsInLog = 0;
		};
		5866C4098B9DFD0080F70D50 /* [CP] Check Pods Manifest.lock */ = {
			isa = PBXShellScriptBuildPhase;
			buildActionMask = 2147483647;
			files = (
			);
			inputFileListPaths = (
			);
			inputPaths = (
				"${PODS_PODFILE_DIR_PATH}/Podfile.lock",
				"${PODS_ROOT}/Manifest.lock",
			);
			name = "[CP] Check Pods Manifest.lock";
			outputFileListPaths = (
			);
			outputPaths = (
				"$(DERIVED_FILE_DIR)/Pods-VideoTogether (macOS)-checkManifestLockResult.txt",
			);
			runOnlyForDeploymentPostprocessing = 0;
			shellPath = /bin/sh;
			shellScript = "diff \"${PODS_PODFILE_DIR_PATH}/Podfile.lock\" \"${PODS_ROOT}/Manifest.lock\" > /dev/null\nif [ $? != 0 ] ; then\n    # print error to STDERR\n    echo \"error: The sandbox is not in sync with the Podfile.lock. Run 'pod install' or update your CocoaPods installation.\" >&2\n    exit 1\nfi\n# This output is used by Xcode 'outputs' to avoid re-running this script phase.\necho \"SUCCESS\" > \"${SCRIPT_OUTPUT_FILE_0}\"\n";
			showEnvVarsInLog = 0;
		};
		8D810F43253096C6F020D650 /* [CP] Embed Pods Frameworks */ = {
			isa = PBXShellScriptBuildPhase;
			buildActionMask = 2147483647;
			files = (
			);
			inputFileListPaths = (
				"${PODS_ROOT}/Target Support Files/Pods-VideoTogether (macOS)/Pods-VideoTogether (macOS)-frameworks-${CONFIGURATION}-input-files.xcfilelist",
			);
			name = "[CP] Embed Pods Frameworks";
			outputFileListPaths = (
				"${PODS_ROOT}/Target Support Files/Pods-VideoTogether (macOS)/Pods-VideoTogether (macOS)-frameworks-${CONFIGURATION}-output-files.xcfilelist",
			);
			runOnlyForDeploymentPostprocessing = 0;
			shellPath = /bin/sh;
			shellScript = "\"${PODS_ROOT}/Target Support Files/Pods-VideoTogether (macOS)/Pods-VideoTogether (macOS)-frameworks.sh\"\n";
			showEnvVarsInLog = 0;
		};
		A8C976328CF22FF294948343 /* [CP] Check Pods Manifest.lock */ = {
			isa = PBXShellScriptBuildPhase;
			buildActionMask = 2147483647;
			files = (
			);
			inputFileListPaths = (
			);
			inputPaths = (
				"${PODS_PODFILE_DIR_PATH}/Podfile.lock",
				"${PODS_ROOT}/Manifest.lock",
			);
			name = "[CP] Check Pods Manifest.lock";
			outputFileListPaths = (
			);
			outputPaths = (
				"$(DERIVED_FILE_DIR)/Pods-VideoTogether Extension (iOS)-checkManifestLockResult.txt",
			);
			runOnlyForDeploymentPostprocessing = 0;
			shellPath = /bin/sh;
			shellScript = "diff \"${PODS_PODFILE_DIR_PATH}/Podfile.lock\" \"${PODS_ROOT}/Manifest.lock\" > /dev/null\nif [ $? != 0 ] ; then\n    # print error to STDERR\n    echo \"error: The sandbox is not in sync with the Podfile.lock. Run 'pod install' or update your CocoaPods installation.\" >&2\n    exit 1\nfi\n# This output is used by Xcode 'outputs' to avoid re-running this script phase.\necho \"SUCCESS\" > \"${SCRIPT_OUTPUT_FILE_0}\"\n";
			showEnvVarsInLog = 0;
		};
		BC2041E973A3A684326F9F4F /* [CP] Check Pods Manifest.lock */ = {
			isa = PBXShellScriptBuildPhase;
			buildActionMask = 2147483647;
			files = (
			);
			inputFileListPaths = (
			);
			inputPaths = (
				"${PODS_PODFILE_DIR_PATH}/Podfile.lock",
				"${PODS_ROOT}/Manifest.lock",
			);
			name = "[CP] Check Pods Manifest.lock";
			outputFileListPaths = (
			);
			outputPaths = (
				"$(DERIVED_FILE_DIR)/Pods-VideoTogether Extension (macOS)-checkManifestLockResult.txt",
			);
			runOnlyForDeploymentPostprocessing = 0;
			shellPath = /bin/sh;
			shellScript = "diff \"${PODS_PODFILE_DIR_PATH}/Podfile.lock\" \"${PODS_ROOT}/Manifest.lock\" > /dev/null\nif [ $? != 0 ] ; then\n    # print error to STDERR\n    echo \"error: The sandbox is not in sync with the Podfile.lock. Run 'pod install' or update your CocoaPods installation.\" >&2\n    exit 1\nfi\n# This output is used by Xcode 'outputs' to avoid re-running this script phase.\necho \"SUCCESS\" > \"${SCRIPT_OUTPUT_FILE_0}\"\n";
			showEnvVarsInLog = 0;
		};
		F5867EE126C8F74A11CEDABF /* [CP] Check Pods Manifest.lock */ = {
			isa = PBXShellScriptBuildPhase;
			buildActionMask = 2147483647;
			files = (
			);
			inputFileListPaths = (
			);
			inputPaths = (
				"${PODS_PODFILE_DIR_PATH}/Podfile.lock",
				"${PODS_ROOT}/Manifest.lock",
			);
			name = "[CP] Check Pods Manifest.lock";
			outputFileListPaths = (
			);
			outputPaths = (
				"$(DERIVED_FILE_DIR)/Pods-VideoTogether (iOS)-checkManifestLockResult.txt",
			);
			runOnlyForDeploymentPostprocessing = 0;
			shellPath = /bin/sh;
			shellScript = "diff \"${PODS_PODFILE_DIR_PATH}/Podfile.lock\" \"${PODS_ROOT}/Manifest.lock\" > /dev/null\nif [ $? != 0 ] ; then\n    # print error to STDERR\n    echo \"error: The sandbox is not in sync with the Podfile.lock. Run 'pod install' or update your CocoaPods installation.\" >&2\n    exit 1\nfi\n# This output is used by Xcode 'outputs' to avoid re-running this script phase.\necho \"SUCCESS\" > \"${SCRIPT_OUTPUT_FILE_0}\"\n";
			showEnvVarsInLog = 0;
		};
/* End PBXShellScriptBuildPhase section */

/* Begin PBXSourcesBuildPhase section */
		4682878A28F1CF25008CFC46 /* Sources */ = {
			isa = PBXSourcesBuildPhase;
			buildActionMask = 2147483647;
			files = (
				468287C528F1CF25008CFC46 /* ViewController.swift in Sources */,
				4682879228F1CF25008CFC46 /* AppDelegate.swift in Sources */,
				4682879428F1CF25008CFC46 /* SceneDelegate.swift in Sources */,
			);
			runOnlyForDeploymentPostprocessing = 0;
		};
		4682879C28F1CF25008CFC46 /* Sources */ = {
			isa = PBXSourcesBuildPhase;
			buildActionMask = 2147483647;
			files = (
				468287C628F1CF25008CFC46 /* ViewController.swift in Sources */,
				468287A328F1CF25008CFC46 /* AppDelegate.swift in Sources */,
			);
			runOnlyForDeploymentPostprocessing = 0;
		};
		468287A828F1CF25008CFC46 /* Sources */ = {
			isa = PBXSourcesBuildPhase;
			buildActionMask = 2147483647;
			files = (
				468287C928F1CF25008CFC46 /* SafariWebExtensionHandler.swift in Sources */,
			);
			runOnlyForDeploymentPostprocessing = 0;
		};
		468287B228F1CF25008CFC46 /* Sources */ = {
			isa = PBXSourcesBuildPhase;
			buildActionMask = 2147483647;
			files = (
				468287CA28F1CF25008CFC46 /* SafariWebExtensionHandler.swift in Sources */,
			);
			runOnlyForDeploymentPostprocessing = 0;
		};
/* End PBXSourcesBuildPhase section */

/* Begin PBXTargetDependency section */
		468287AF28F1CF25008CFC46 /* PBXTargetDependency */ = {
			isa = PBXTargetDependency;
			target = 468287AB28F1CF25008CFC46 /* VideoTogether Extension (iOS) */;
			targetProxy = 468287AE28F1CF25008CFC46 /* PBXContainerItemProxy */;
		};
		468287B928F1CF25008CFC46 /* PBXTargetDependency */ = {
			isa = PBXTargetDependency;
			target = 468287B528F1CF25008CFC46 /* VideoTogether Extension (macOS) */;
			targetProxy = 468287B828F1CF25008CFC46 /* PBXContainerItemProxy */;
		};
/* End PBXTargetDependency section */

/* Begin PBXVariantGroup section */
		4682877828F1CF24008CFC46 /* Main.html */ = {
			isa = PBXVariantGroup;
			children = (
				4682877928F1CF24008CFC46 /* Base */,
			);
			name = Main.html;
			sourceTree = "<group>";
		};
		4682879528F1CF25008CFC46 /* LaunchScreen.storyboard */ = {
			isa = PBXVariantGroup;
			children = (
				4682879628F1CF25008CFC46 /* Base */,
			);
			name = LaunchScreen.storyboard;
			sourceTree = "<group>";
		};
		4682879828F1CF25008CFC46 /* Main.storyboard */ = {
			isa = PBXVariantGroup;
			children = (
				4682879928F1CF25008CFC46 /* Base */,
			);
			name = Main.storyboard;
			sourceTree = "<group>";
		};
		468287A428F1CF25008CFC46 /* Main.storyboard */ = {
			isa = PBXVariantGroup;
			children = (
				468287A528F1CF25008CFC46 /* Base */,
			);
			name = Main.storyboard;
			sourceTree = "<group>";
		};
/* End PBXVariantGroup section */

/* Begin XCBuildConfiguration section */
		468287DB28F1CF25008CFC46 /* Debug */ = {
			isa = XCBuildConfiguration;
			buildSettings = {
				ALWAYS_SEARCH_USER_PATHS = NO;
				CLANG_ANALYZER_NONNULL = YES;
				CLANG_ANALYZER_NUMBER_OBJECT_CONVERSION = YES_AGGRESSIVE;
				CLANG_CXX_LANGUAGE_STANDARD = "gnu++20";
				CLANG_ENABLE_MODULES = YES;
				CLANG_ENABLE_OBJC_ARC = YES;
				CLANG_ENABLE_OBJC_WEAK = YES;
				CLANG_WARN_BLOCK_CAPTURE_AUTORELEASING = YES;
				CLANG_WARN_BOOL_CONVERSION = YES;
				CLANG_WARN_COMMA = YES;
				CLANG_WARN_CONSTANT_CONVERSION = YES;
				CLANG_WARN_DEPRECATED_OBJC_IMPLEMENTATIONS = YES;
				CLANG_WARN_DIRECT_OBJC_ISA_USAGE = YES_ERROR;
				CLANG_WARN_DOCUMENTATION_COMMENTS = YES;
				CLANG_WARN_EMPTY_BODY = YES;
				CLANG_WARN_ENUM_CONVERSION = YES;
				CLANG_WARN_INFINITE_RECURSION = YES;
				CLANG_WARN_INT_CONVERSION = YES;
				CLANG_WARN_NON_LITERAL_NULL_CONVERSION = YES;
				CLANG_WARN_OBJC_IMPLICIT_RETAIN_SELF = YES;
				CLANG_WARN_OBJC_LITERAL_CONVERSION = YES;
				CLANG_WARN_OBJC_ROOT_CLASS = YES_ERROR;
				CLANG_WARN_QUOTED_INCLUDE_IN_FRAMEWORK_HEADER = YES;
				CLANG_WARN_RANGE_LOOP_ANALYSIS = YES;
				CLANG_WARN_STRICT_PROTOTYPES = YES;
				CLANG_WARN_SUSPICIOUS_MOVE = YES;
				CLANG_WARN_UNGUARDED_AVAILABILITY = YES_AGGRESSIVE;
				CLANG_WARN_UNREACHABLE_CODE = YES;
				CLANG_WARN__DUPLICATE_METHOD_MATCH = YES;
				COPY_PHASE_STRIP = NO;
				DEBUG_INFORMATION_FORMAT = dwarf;
				ENABLE_STRICT_OBJC_MSGSEND = YES;
				ENABLE_TESTABILITY = YES;
				GCC_C_LANGUAGE_STANDARD = gnu11;
				GCC_DYNAMIC_NO_PIC = NO;
				GCC_NO_COMMON_BLOCKS = YES;
				GCC_OPTIMIZATION_LEVEL = 0;
				GCC_PREPROCESSOR_DEFINITIONS = (
					"DEBUG=1",
					"$(inherited)",
				);
				GCC_WARN_64_TO_32_BIT_CONVERSION = YES;
				GCC_WARN_ABOUT_RETURN_TYPE = YES_ERROR;
				GCC_WARN_UNDECLARED_SELECTOR = YES;
				GCC_WARN_UNINITIALIZED_AUTOS = YES_AGGRESSIVE;
				GCC_WARN_UNUSED_FUNCTION = YES;
				GCC_WARN_UNUSED_VARIABLE = YES;
				MTL_ENABLE_DEBUG_INFO = INCLUDE_SOURCE;
				MTL_FAST_MATH = YES;
				ONLY_ACTIVE_ARCH = YES;
				SWIFT_ACTIVE_COMPILATION_CONDITIONS = DEBUG;
				SWIFT_OPTIMIZATION_LEVEL = "-Onone";
			};
			name = Debug;
		};
		468287DC28F1CF25008CFC46 /* Release */ = {
			isa = XCBuildConfiguration;
			buildSettings = {
				ALWAYS_SEARCH_USER_PATHS = NO;
				CLANG_ANALYZER_NONNULL = YES;
				CLANG_ANALYZER_NUMBER_OBJECT_CONVERSION = YES_AGGRESSIVE;
				CLANG_CXX_LANGUAGE_STANDARD = "gnu++20";
				CLANG_ENABLE_MODULES = YES;
				CLANG_ENABLE_OBJC_ARC = YES;
				CLANG_ENABLE_OBJC_WEAK = YES;
				CLANG_WARN_BLOCK_CAPTURE_AUTORELEASING = YES;
				CLANG_WARN_BOOL_CONVERSION = YES;
				CLANG_WARN_COMMA = YES;
				CLANG_WARN_CONSTANT_CONVERSION = YES;
				CLANG_WARN_DEPRECATED_OBJC_IMPLEMENTATIONS = YES;
				CLANG_WARN_DIRECT_OBJC_ISA_USAGE = YES_ERROR;
				CLANG_WARN_DOCUMENTATION_COMMENTS = YES;
				CLANG_WARN_EMPTY_BODY = YES;
				CLANG_WARN_ENUM_CONVERSION = YES;
				CLANG_WARN_INFINITE_RECURSION = YES;
				CLANG_WARN_INT_CONVERSION = YES;
				CLANG_WARN_NON_LITERAL_NULL_CONVERSION = YES;
				CLANG_WARN_OBJC_IMPLICIT_RETAIN_SELF = YES;
				CLANG_WARN_OBJC_LITERAL_CONVERSION = YES;
				CLANG_WARN_OBJC_ROOT_CLASS = YES_ERROR;
				CLANG_WARN_QUOTED_INCLUDE_IN_FRAMEWORK_HEADER = YES;
				CLANG_WARN_RANGE_LOOP_ANALYSIS = YES;
				CLANG_WARN_STRICT_PROTOTYPES = YES;
				CLANG_WARN_SUSPICIOUS_MOVE = YES;
				CLANG_WARN_UNGUARDED_AVAILABILITY = YES_AGGRESSIVE;
				CLANG_WARN_UNREACHABLE_CODE = YES;
				CLANG_WARN__DUPLICATE_METHOD_MATCH = YES;
				COPY_PHASE_STRIP = NO;
				DEBUG_INFORMATION_FORMAT = "dwarf-with-dsym";
				ENABLE_NS_ASSERTIONS = NO;
				ENABLE_STRICT_OBJC_MSGSEND = YES;
				GCC_C_LANGUAGE_STANDARD = gnu11;
				GCC_NO_COMMON_BLOCKS = YES;
				GCC_WARN_64_TO_32_BIT_CONVERSION = YES;
				GCC_WARN_ABOUT_RETURN_TYPE = YES_ERROR;
				GCC_WARN_UNDECLARED_SELECTOR = YES;
				GCC_WARN_UNINITIALIZED_AUTOS = YES_AGGRESSIVE;
				GCC_WARN_UNUSED_FUNCTION = YES;
				GCC_WARN_UNUSED_VARIABLE = YES;
				MTL_ENABLE_DEBUG_INFO = NO;
				MTL_FAST_MATH = YES;
				SWIFT_COMPILATION_MODE = wholemodule;
				SWIFT_OPTIMIZATION_LEVEL = "-O";
			};
			name = Release;
		};
		468287DE28F1CF25008CFC46 /* Debug */ = {
			isa = XCBuildConfiguration;
			baseConfigurationReference = AE7264526574B0F1A13FC9F8 /* Pods-VideoTogether Extension (iOS).debug.xcconfig */;
			buildSettings = {
				CODE_SIGN_STYLE = Automatic;
				CURRENT_PROJECT_VERSION = 1;
				DEVELOPMENT_TEAM = NN72FH6YR3;
				GENERATE_INFOPLIST_FILE = YES;
				INFOPLIST_FILE = "iOS (Extension)/Info.plist";
				INFOPLIST_KEY_CFBundleDisplayName = "VideoTogether Extension";
				INFOPLIST_KEY_NSHumanReadableCopyright = "";
				IPHONEOS_DEPLOYMENT_TARGET = 15.0;
				LD_RUNPATH_SEARCH_PATHS = (
					"$(inherited)",
					"@executable_path/Frameworks",
					"@executable_path/../../Frameworks",
				);
				MARKETING_VERSION = 1.0;
				OTHER_LDFLAGS = (
					"-framework",
					SafariServices,
				);
				PRODUCT_BUNDLE_IDENTIFIER = VideoTogether.VideoTogether.Extension;
				PRODUCT_NAME = "VideoTogether Extension";
				SDKROOT = iphoneos;
				SKIP_INSTALL = YES;
				SWIFT_EMIT_LOC_STRINGS = YES;
				"SWIFT_OBJC_BRIDGING_HEADER[arch=*]" = "Shared (Extension)/Header.h";
				SWIFT_VERSION = 5.0;
				TARGETED_DEVICE_FAMILY = "1,2";
			};
			name = Debug;
		};
		468287DF28F1CF25008CFC46 /* Release */ = {
			isa = XCBuildConfiguration;
			baseConfigurationReference = A52AE972C2D1DA67D7202705 /* Pods-VideoTogether Extension (iOS).release.xcconfig */;
			buildSettings = {
				CODE_SIGN_STYLE = Automatic;
				CURRENT_PROJECT_VERSION = 1;
				DEVELOPMENT_TEAM = NN72FH6YR3;
				GENERATE_INFOPLIST_FILE = YES;
				INFOPLIST_FILE = "iOS (Extension)/Info.plist";
				INFOPLIST_KEY_CFBundleDisplayName = "VideoTogether Extension";
				INFOPLIST_KEY_NSHumanReadableCopyright = "";
				IPHONEOS_DEPLOYMENT_TARGET = 15.0;
				LD_RUNPATH_SEARCH_PATHS = (
					"$(inherited)",
					"@executable_path/Frameworks",
					"@executable_path/../../Frameworks",
				);
				MARKETING_VERSION = 1.0;
				OTHER_LDFLAGS = (
					"-framework",
					SafariServices,
				);
				PRODUCT_BUNDLE_IDENTIFIER = VideoTogether.VideoTogether.Extension;
				PRODUCT_NAME = "VideoTogether Extension";
				SDKROOT = iphoneos;
				SKIP_INSTALL = YES;
				SWIFT_EMIT_LOC_STRINGS = YES;
				SWIFT_VERSION = 5.0;
				TARGETED_DEVICE_FAMILY = "1,2";
				VALIDATE_PRODUCT = YES;
			};
			name = Release;
		};
		468287E228F1CF25008CFC46 /* Debug */ = {
			isa = XCBuildConfiguration;
			baseConfigurationReference = F251CF7AF68A6D4455AAD13D /* Pods-VideoTogether (iOS).debug.xcconfig */;
			buildSettings = {
				ALWAYS_EMBED_SWIFT_STANDARD_LIBRARIES = YES;
				ASSETCATALOG_COMPILER_APPICON_NAME = AppIcon;
				ASSETCATALOG_COMPILER_GLOBAL_ACCENT_COLOR_NAME = AccentColor;
				CODE_SIGN_STYLE = Automatic;
				CURRENT_PROJECT_VERSION = 1;
				DEVELOPMENT_TEAM = NN72FH6YR3;
				GENERATE_INFOPLIST_FILE = YES;
				INFOPLIST_FILE = "iOS (App)/Info.plist";
				INFOPLIST_KEY_CFBundleDisplayName = VideoTogether;
				INFOPLIST_KEY_UIApplicationSupportsIndirectInputEvents = YES;
				INFOPLIST_KEY_UILaunchStoryboardName = LaunchScreen;
				INFOPLIST_KEY_UIMainStoryboardFile = Main;
				INFOPLIST_KEY_UISupportedInterfaceOrientations = "UIInterfaceOrientationPortrait UIInterfaceOrientationLandscapeLeft UIInterfaceOrientationLandscapeRight";
				INFOPLIST_KEY_UISupportedInterfaceOrientations_iPad = "UIInterfaceOrientationPortrait UIInterfaceOrientationPortraitUpsideDown UIInterfaceOrientationLandscapeLeft UIInterfaceOrientationLandscapeRight";
				IPHONEOS_DEPLOYMENT_TARGET = 15.0;
				LD_RUNPATH_SEARCH_PATHS = (
					"$(inherited)",
					"@executable_path/Frameworks",
				);
				MARKETING_VERSION = 3.0.0;
				OTHER_LDFLAGS = (
					"-framework",
					SafariServices,
					"-framework",
					WebKit,
				);
				PRODUCT_BUNDLE_IDENTIFIER = VideoTogether.VideoTogether;
				PRODUCT_NAME = VideoTogether;
				SDKROOT = iphoneos;
				SWIFT_EMIT_LOC_STRINGS = YES;
				SWIFT_VERSION = 5.0;
				TARGETED_DEVICE_FAMILY = "1,2";
				VALIDATE_PRODUCT = YES;
			};
			name = Debug;
		};
		468287E328F1CF25008CFC46 /* Release */ = {
			isa = XCBuildConfiguration;
			baseConfigurationReference = A12BE33402052EADFEC15A15 /* Pods-VideoTogether (iOS).release.xcconfig */;
			buildSettings = {
				ALWAYS_EMBED_SWIFT_STANDARD_LIBRARIES = YES;
				ASSETCATALOG_COMPILER_APPICON_NAME = AppIcon;
				ASSETCATALOG_COMPILER_GLOBAL_ACCENT_COLOR_NAME = AccentColor;
				CODE_SIGN_STYLE = Automatic;
				CURRENT_PROJECT_VERSION = 1;
				DEVELOPMENT_TEAM = NN72FH6YR3;
				GENERATE_INFOPLIST_FILE = YES;
				INFOPLIST_FILE = "iOS (App)/Info.plist";
				INFOPLIST_KEY_CFBundleDisplayName = VideoTogether;
				INFOPLIST_KEY_UIApplicationSupportsIndirectInputEvents = YES;
				INFOPLIST_KEY_UILaunchStoryboardName = LaunchScreen;
				INFOPLIST_KEY_UIMainStoryboardFile = Main;
				INFOPLIST_KEY_UISupportedInterfaceOrientations = "UIInterfaceOrientationPortrait UIInterfaceOrientationLandscapeLeft UIInterfaceOrientationLandscapeRight";
				INFOPLIST_KEY_UISupportedInterfaceOrientations_iPad = "UIInterfaceOrientationPortrait UIInterfaceOrientationPortraitUpsideDown UIInterfaceOrientationLandscapeLeft UIInterfaceOrientationLandscapeRight";
				IPHONEOS_DEPLOYMENT_TARGET = 15.0;
				LD_RUNPATH_SEARCH_PATHS = (
					"$(inherited)",
					"@executable_path/Frameworks",
				);
				MARKETING_VERSION = 3.0.0;
				OTHER_LDFLAGS = (
					"-framework",
					SafariServices,
					"-framework",
					WebKit,
				);
				PRODUCT_BUNDLE_IDENTIFIER = VideoTogether.VideoTogether;
				PRODUCT_NAME = VideoTogether;
				SDKROOT = iphoneos;
				SWIFT_EMIT_LOC_STRINGS = YES;
				SWIFT_VERSION = 5.0;
				TARGETED_DEVICE_FAMILY = "1,2";
				VALIDATE_PRODUCT = YES;
			};
			name = Release;
		};
		468287E528F1CF25008CFC46 /* Debug */ = {
			isa = XCBuildConfiguration;
			baseConfigurationReference = 8D0FFC6FDC0F3E0F110406D9 /* Pods-VideoTogether Extension (macOS).debug.xcconfig */;
			buildSettings = {
				CODE_SIGN_ENTITLEMENTS = "macOS (Extension)/VideoTogether.entitlements";
				CODE_SIGN_STYLE = Automatic;
				CURRENT_PROJECT_VERSION = 1;
				DEVELOPMENT_TEAM = NN72FH6YR3;
				ENABLE_HARDENED_RUNTIME = YES;
				GENERATE_INFOPLIST_FILE = YES;
				INFOPLIST_FILE = "macOS (Extension)/Info.plist";
				INFOPLIST_KEY_CFBundleDisplayName = "VideoTogether Extension";
				INFOPLIST_KEY_NSHumanReadableCopyright = "";
				LD_RUNPATH_SEARCH_PATHS = (
					"$(inherited)",
					"@executable_path/../Frameworks",
					"@executable_path/../../../../Frameworks",
				);
				MACOSX_DEPLOYMENT_TARGET = 10.14;
				MARKETING_VERSION = 1.0;
				OTHER_LDFLAGS = (
					"-framework",
					SafariServices,
				);
				PRODUCT_BUNDLE_IDENTIFIER = VideoTogether.VideoTogether.Extension;
				PRODUCT_NAME = "VideoTogether Extension";
				SDKROOT = macosx;
				SKIP_INSTALL = YES;
				SWIFT_EMIT_LOC_STRINGS = YES;
				SWIFT_VERSION = 5.0;
			};
			name = Debug;
		};
		468287E628F1CF25008CFC46 /* Release */ = {
			isa = XCBuildConfiguration;
			baseConfigurationReference = BE4A97AD0132807996CDCFC1 /* Pods-VideoTogether Extension (macOS).release.xcconfig */;
			buildSettings = {
				CODE_SIGN_ENTITLEMENTS = "macOS (Extension)/VideoTogether.entitlements";
				CODE_SIGN_STYLE = Automatic;
				CURRENT_PROJECT_VERSION = 1;
				DEVELOPMENT_TEAM = NN72FH6YR3;
				ENABLE_HARDENED_RUNTIME = YES;
				GENERATE_INFOPLIST_FILE = YES;
				INFOPLIST_FILE = "macOS (Extension)/Info.plist";
				INFOPLIST_KEY_CFBundleDisplayName = "VideoTogether Extension";
				INFOPLIST_KEY_NSHumanReadableCopyright = "";
				LD_RUNPATH_SEARCH_PATHS = (
					"$(inherited)",
					"@executable_path/../Frameworks",
					"@executable_path/../../../../Frameworks",
				);
				MACOSX_DEPLOYMENT_TARGET = 10.14;
				MARKETING_VERSION = 1.0;
				OTHER_LDFLAGS = (
					"-framework",
					SafariServices,
				);
				PRODUCT_BUNDLE_IDENTIFIER = VideoTogether.VideoTogether.Extension;
				PRODUCT_NAME = "VideoTogether Extension";
				SDKROOT = macosx;
				SKIP_INSTALL = YES;
				SWIFT_EMIT_LOC_STRINGS = YES;
				SWIFT_VERSION = 5.0;
			};
			name = Release;
		};
		468287E928F1CF25008CFC46 /* Debug */ = {
			isa = XCBuildConfiguration;
			baseConfigurationReference = 425DB47368B935C6CA9DB5D5 /* Pods-VideoTogether (macOS).debug.xcconfig */;
			buildSettings = {
				ALWAYS_EMBED_SWIFT_STANDARD_LIBRARIES = YES;
				ASSETCATALOG_COMPILER_APPICON_NAME = AppIcon;
				ASSETCATALOG_COMPILER_GLOBAL_ACCENT_COLOR_NAME = AccentColor;
				CODE_SIGN_ENTITLEMENTS = "macOS (App)/VideoTogether.entitlements";
				CODE_SIGN_STYLE = Automatic;
				CURRENT_PROJECT_VERSION = 1;
				DEVELOPMENT_TEAM = NN72FH6YR3;
				ENABLE_HARDENED_RUNTIME = YES;
				GENERATE_INFOPLIST_FILE = YES;
				INFOPLIST_KEY_CFBundleDisplayName = VideoTogether;
				INFOPLIST_KEY_NSMainStoryboardFile = Main;
				INFOPLIST_KEY_NSPrincipalClass = NSApplication;
				LD_RUNPATH_SEARCH_PATHS = (
					"$(inherited)",
					"@executable_path/../Frameworks",
				);
				MACOSX_DEPLOYMENT_TARGET = 10.14;
				MARKETING_VERSION = 3.0.0;
				OTHER_LDFLAGS = (
					"-framework",
					SafariServices,
					"-framework",
					WebKit,
				);
				PRODUCT_BUNDLE_IDENTIFIER = VideoTogether.VideoTogether;
				PRODUCT_NAME = VideoTogether;
				SDKROOT = macosx;
				SWIFT_EMIT_LOC_STRINGS = YES;
				SWIFT_VERSION = 5.0;
			};
			name = Debug;
		};
		468287EA28F1CF25008CFC46 /* Release */ = {
			isa = XCBuildConfiguration;
			baseConfigurationReference = F8FC6661705A0C9F81F66F91 /* Pods-VideoTogether (macOS).release.xcconfig */;
			buildSettings = {
				ALWAYS_EMBED_SWIFT_STANDARD_LIBRARIES = YES;
				ASSETCATALOG_COMPILER_APPICON_NAME = AppIcon;
				ASSETCATALOG_COMPILER_GLOBAL_ACCENT_COLOR_NAME = AccentColor;
				CODE_SIGN_ENTITLEMENTS = "macOS (App)/VideoTogether.entitlements";
				CODE_SIGN_STYLE = Automatic;
				CURRENT_PROJECT_VERSION = 1;
				DEVELOPMENT_TEAM = NN72FH6YR3;
				ENABLE_HARDENED_RUNTIME = YES;
				GENERATE_INFOPLIST_FILE = YES;
				INFOPLIST_KEY_CFBundleDisplayName = VideoTogether;
				INFOPLIST_KEY_NSMainStoryboardFile = Main;
				INFOPLIST_KEY_NSPrincipalClass = NSApplication;
				LD_RUNPATH_SEARCH_PATHS = (
					"$(inherited)",
					"@executable_path/../Frameworks",
				);
				MACOSX_DEPLOYMENT_TARGET = 10.14;
				MARKETING_VERSION = 3.0.0;
				OTHER_LDFLAGS = (
					"-framework",
					SafariServices,
					"-framework",
					WebKit,
				);
				PRODUCT_BUNDLE_IDENTIFIER = VideoTogether.VideoTogether;
				PRODUCT_NAME = VideoTogether;
				SDKROOT = macosx;
				SWIFT_EMIT_LOC_STRINGS = YES;
				SWIFT_VERSION = 5.0;
			};
			name = Release;
		};
/* End XCBuildConfiguration section */

/* Begin XCConfigurationList section */
		4682877528F1CF24008CFC46 /* Build configuration list for PBXProject "VideoTogether" */ = {
			isa = XCConfigurationList;
			buildConfigurations = (
				468287DB28F1CF25008CFC46 /* Debug */,
				468287DC28F1CF25008CFC46 /* Release */,
			);
			defaultConfigurationIsVisible = 0;
			defaultConfigurationName = Release;
		};
		468287DD28F1CF25008CFC46 /* Build configuration list for PBXNativeTarget "VideoTogether Extension (iOS)" */ = {
			isa = XCConfigurationList;
			buildConfigurations = (
				468287DE28F1CF25008CFC46 /* Debug */,
				468287DF28F1CF25008CFC46 /* Release */,
			);
			defaultConfigurationIsVisible = 0;
			defaultConfigurationName = Release;
		};
		468287E128F1CF25008CFC46 /* Build configuration list for PBXNativeTarget "VideoTogether (iOS)" */ = {
			isa = XCConfigurationList;
			buildConfigurations = (
				468287E228F1CF25008CFC46 /* Debug */,
				468287E328F1CF25008CFC46 /* Release */,
			);
			defaultConfigurationIsVisible = 0;
			defaultConfigurationName = Release;
		};
		468287E428F1CF25008CFC46 /* Build configuration list for PBXNativeTarget "VideoTogether Extension (macOS)" */ = {
			isa = XCConfigurationList;
			buildConfigurations = (
				468287E528F1CF25008CFC46 /* Debug */,
				468287E628F1CF25008CFC46 /* Release */,
			);
			defaultConfigurationIsVisible = 0;
			defaultConfigurationName = Release;
		};
		468287E828F1CF25008CFC46 /* Build configuration list for PBXNativeTarget "VideoTogether (macOS)" */ = {
			isa = XCConfigurationList;
			buildConfigurations = (
				468287E928F1CF25008CFC46 /* Debug */,
				468287EA28F1CF25008CFC46 /* Release */,
			);
			defaultConfigurationIsVisible = 0;
			defaultConfigurationName = Release;
		};
/* End XCConfigurationList section */
	};
	rootObject = 4682877228F1CF24008CFC46 /* Project object */;
}
